
Microsoft Visual Studio Solution File, Format Version 12.00
Project("{FAE04EC0-301F-11D3-BF4B-00C04F79EFBC}") = "CSharpBenchmarks", "CSharpBenchmarks\CSharpBenchmarks.csproj", "{7A5F2181-BD20-4FBC-B050-5B07B37385FB}"
EndProject
Global
	GlobalSection(SolutionConfigurationPlatforms) = preSolution
		Debug|Any CPU = Debug|Any CPU
		Release|Any CPU = Release|Any CPU
	EndGlobalSection
	GlobalSection(ProjectConfigurationPlatforms) = postSolution
		{7A5F2181-BD20-4FBC-B050-5B07B37385FB}.Debug|Any CPU.ActiveCfg = Debug|Any CPU
		{7A5F2181-BD20-4FBC-B050-5B07B37385FB}.Debug|Any CPU.Build.0 = Debug|Any CPU
		{7A5F2181-BD20-4FBC-B050-5B07B37385FB}.Release|Any CPU.ActiveCfg = Release|Any CPU
		{7A5F2181-BD20-4FBC-B050-5B07B37385FB}.Release|Any CPU.Build.0 = Release|Any CPU
	EndGlobalSection
EndGlobal
